
Microsoft Visual Studio Solution File, Format Version 12.00
# Visual Studio Version 17
VisualStudioVersion = 17.0.32126.317
MinimumVisualStudioVersion = 10.0.40219.1
Project("{9A19103F-16F7-4668-BE54-9A1E7A4F7556}") = "DemoApplication", "DemoApplication.csproj", "{01EA5933-7E07-4B6F-97F6-DA52FE313B4D}"
EndProject
Global
	GlobalSection(SolutionConfigurationPlatforms) = preSolution
		Debug|Any CPU = Debug|Any CPU
		Release|Any CPU = Release|Any CPU
	EndGlobalSection
	GlobalSection(ProjectConfigurationPlatforms) = postSolution
		{01EA5933-7E07-4B6F-97F6-DA52FE313B4D}.Debug|Any CPU.ActiveCfg = Debug|Any CPU
		{01EA5933-7E07-4B6F-97F6-DA52FE313B4D}.Debug|Any CPU.Build.0 = Debug|Any CPU
		{01EA5933-7E07-4B6F-97F6-DA52FE313B4D}.Release|Any CPU.ActiveCfg = Release|Any CPU
		{01EA5933-7E07-4B6F-97F6-DA52FE313B4D}.Release|Any CPU.Build.0 = Release|Any CPU
	EndGlobalSection
	GlobalSection(SolutionProperties) = preSolution
		HideSolutionNode = FALSE
	EndGlobalSection
	GlobalSection(ExtensibilityGlobals) = postSolution
		SolutionGuid = {2113A17E-7E6F-405C-AE3F-03B0EBDD69EC}
	EndGlobalSection
EndGlobal
